
Microsoft Visual Studio Solution File, Format Version 12.00
# Visual Studio 2013
VisualStudioVersion = 12.0.31101.0
MinimumVisualStudioVersion = 10.0.40219.1
Project("{FAE04EC0-301F-11D3-BF4B-00C04F79EFBC}") = "SportsStore.Domain", "SportsStore.Domain\SportsStore.Domain.csproj", "{2A595EDA-7DD6-4917-8BE6-EF7FDE4E7305}"
EndProject
Project("{FAE04EC0-301F-11D3-BF4B-00C04F79EFBC}") = "SportsStore.WebUI", "SportsStore.WebUI\SportsStore.WebUI.csproj", "{93807E06-89E9-4014-A6F1-7738EEDE1A1C}"
EndProject
Project("{FAE04EC0-301F-11D3-BF4B-00C04F79EFBC}") = "SportsStore.UnitTests", "SportsStore.UnitTests\SportsStore.UnitTests.csproj", "{9C840BBE-6208-4446-BB32-13EB75A790C4}"
EndProject
Global
	GlobalSection(SolutionConfigurationPlatforms) = preSolution
		Debug|Any CPU = Debug|Any CPU
		Release|Any CPU = Release|Any CPU
	EndGlobalSection
	GlobalSection(ProjectConfigurationPlatforms) = postSolution
		{2A595EDA-7DD6-4917-8BE6-EF7FDE4E7305}.Debug|Any CPU.ActiveCfg = Debug|Any CPU
		{2A595EDA-7DD6-4917-8BE6-EF7FDE4E7305}.Debug|Any CPU.Build.0 = Debug|Any CPU
		{2A595EDA-7DD6-4917-8BE6-EF7FDE4E7305}.Release|Any CPU.ActiveCfg = Release|Any CPU
		{2A595EDA-7DD6-4917-8BE6-EF7FDE4E7305}.Release|Any CPU.Build.0 = Release|Any CPU
		{93807E06-89E9-4014-A6F1-7738EEDE1A1C}.Debug|Any CPU.ActiveCfg = Debug|Any CPU
		{93807E06-89E9-4014-A6F1-7738EEDE1A1C}.Debug|Any CPU.Build.0 = Debug|Any CPU
		{93807E06-89E9-4014-A6F1-7738EEDE1A1C}.Release|Any CPU.ActiveCfg = Release|Any CPU
		{93807E06-89E9-4014-A6F1-7738EEDE1A1C}.Release|Any CPU.Build.0 = Release|Any CPU
		{9C840BBE-6208-4446-BB32-13EB75A790C4}.Debug|Any CPU.ActiveCfg = Debug|Any CPU
		{9C840BBE-6208-4446-BB32-13EB75A790C4}.Debug|Any CPU.Build.0 = Debug|Any CPU
		{9C840BBE-6208-4446-BB32-13EB75A790C4}.Release|Any CPU.ActiveCfg = Release|Any CPU
		{9C840BBE-6208-4446-BB32-13EB75A790C4}.Release|Any CPU.Build.0 = Release|Any CPU
	EndGlobalSection
	GlobalSection(SolutionProperties) = preSolution
		HideSolutionNode = FALSE
	EndGlobalSection
EndGlobal
